
Microsoft Visual Studio Solution File, Format Version 12.00
# Visual Studio 15
VisualStudioVersion = 15.0.26730.10
MinimumVisualStudioVersion = 10.0.40219.1
Project("{2150E333-8FDC-42A3-9474-1A3956D46DE8}") = "ControlCenter", "ControlCenter", "{BD1CD52B-C63C-4CF8-A9B6-CF2691280DDD}"
EndProject
Project("{2150E333-8FDC-42A3-9474-1A3956D46DE8}") = "Common", "Common", "{8F36889D-B905-4FF0-9C67-D0FB09BF8866}"
EndProject
Project("{2150E333-8FDC-42A3-9474-1A3956D46DE8}") = "DataAccessLayer", "DataAccessLayer", "{6EDB960C-6FC1-4E45-9280-1ED896A6B386}"
EndProject
Project("{9A19103F-16F7-4668-BE54-9A1E7A4F7556}") = "CommonObjects", "CommonObjects\CommonObjects.csproj", "{32A9FE69-CDA4-452E-8F27-2AFDE7430083}"
EndProject
Project("{FAE04EC0-301F-11D3-BF4B-00C04F79EFBC}") = "InternalLogics", "InternalLogics\InternalLogics.csproj", "{B0D06363-7528-4F23-AA82-8164893B63A0}"
EndProject
Project("{FAE04EC0-301F-11D3-BF4B-00C04F79EFBC}") = "DataEntities", "DataEntities\DataEntities.csproj", "{5CF85CEF-2B88-4378-BB51-56B11F386E90}"
EndProject
Project("{FAE04EC0-301F-11D3-BF4B-00C04F79EFBC}") = "Entities", "Entities\Entities.csproj", "{8FC717A6-896E-416D-BF0D-65BCF28A582F}"
EndProject
Project("{FAE04EC0-301F-11D3-BF4B-00C04F79EFBC}") = "BussinessLogic", "BussinessLogic\BussinessLogic.csproj", "{16E20CA3-BF34-4D00-8623-8507F27C83EA}"
EndProject
Project("{FAE04EC0-301F-11D3-BF4B-00C04F79EFBC}") = "BussinessLogicInterfaces", "BussinessLogicInterfaces\BussinessLogicInterfaces.csproj", "{314C23CE-CB14-48C5-85AF-4D0A984E782A}"
EndProject
Project("{FAE04EC0-301F-11D3-BF4B-00C04F79EFBC}") = "Unity", "Unity\Unity.csproj", "{40A29C63-0AA1-4DB6-B8BA-7CF121798E50}"
EndProject
Project("{2150E333-8FDC-42A3-9474-1A3956D46DE8}") = "API", "API", "{9A6AB81B-61BE-456F-B459-191481909D6F}"
EndProject
Project("{FAE04EC0-301F-11D3-BF4B-00C04F79EFBC}") = "AuthProvider", "AuthProvider\AuthProvider.csproj", "{FEE4B587-774A-4B75-9003-2C0BBB312F98}"
EndProject
Project("{FAE04EC0-301F-11D3-BF4B-00C04F79EFBC}") = "DomainEntities", "DomainEntities\DomainEntities.csproj", "{FBF95FA0-0850-47D8-AD2B-BDA0E2E1EAE8}"
EndProject
Project("{FAE04EC0-301F-11D3-BF4B-00C04F79EFBC}") = "FacadeLayer", "FacadeLayer\FacadeLayer.csproj", "{2182E40F-693A-4319-A2B2-95D94BDD7114}"
EndProject
Project("{FAE04EC0-301F-11D3-BF4B-00C04F79EFBC}") = "WebAPI", "WebAPI\WebAPI.csproj", "{A0045A37-D86E-4E6A-9398-195253F3B9BB}"
EndProject
Project("{E53339B2-1760-4266-BCC7-CA923CBCF16C}") = "docker-compose", "docker-compose.dcproj", "{45F09FC7-0243-4422-8F56-DBB54ECB12C5}"
EndProject
Project("{FAE04EC0-301F-11D3-BF4B-00C04F79EFBC}") = "Utils", "..\Utils\Utils.csproj", "{B45DED3A-2C65-4558-8F0F-BF069231926F}"
EndProject
Global
	GlobalSection(SolutionConfigurationPlatforms) = preSolution
		Debug|Any CPU = Debug|Any CPU
		Release|Any CPU = Release|Any CPU
	EndGlobalSection
	GlobalSection(ProjectConfigurationPlatforms) = postSolution
		{32A9FE69-CDA4-452E-8F27-2AFDE7430083}.Debug|Any CPU.ActiveCfg = Debug|Any CPU
		{32A9FE69-CDA4-452E-8F27-2AFDE7430083}.Debug|Any CPU.Build.0 = Debug|Any CPU
		{32A9FE69-CDA4-452E-8F27-2AFDE7430083}.Release|Any CPU.ActiveCfg = Release|Any CPU
		{32A9FE69-CDA4-452E-8F27-2AFDE7430083}.Release|Any CPU.Build.0 = Release|Any CPU
		{B0D06363-7528-4F23-AA82-8164893B63A0}.Debug|Any CPU.ActiveCfg = Debug|Any CPU
		{B0D06363-7528-4F23-AA82-8164893B63A0}.Debug|Any CPU.Build.0 = Debug|Any CPU
		{B0D06363-7528-4F23-AA82-8164893B63A0}.Release|Any CPU.ActiveCfg = Release|Any CPU
		{B0D06363-7528-4F23-AA82-8164893B63A0}.Release|Any CPU.Build.0 = Release|Any CPU
		{5CF85CEF-2B88-4378-BB51-56B11F386E90}.Debug|Any CPU.ActiveCfg = Debug|Any CPU
		{5CF85CEF-2B88-4378-BB51-56B11F386E90}.Debug|Any CPU.Build.0 = Debug|Any CPU
		{5CF85CEF-2B88-4378-BB51-56B11F386E90}.Release|Any CPU.ActiveCfg = Release|Any CPU
		{5CF85CEF-2B88-4378-BB51-56B11F386E90}.Release|Any CPU.Build.0 = Release|Any CPU
		{8FC717A6-896E-416D-BF0D-65BCF28A582F}.Debug|Any CPU.ActiveCfg = Debug|Any CPU
		{8FC717A6-896E-416D-BF0D-65BCF28A582F}.Debug|Any CPU.Build.0 = Debug|Any CPU
		{8FC717A6-896E-416D-BF0D-65BCF28A582F}.Release|Any CPU.ActiveCfg = Release|Any CPU
		{8FC717A6-896E-416D-BF0D-65BCF28A582F}.Release|Any CPU.Build.0 = Release|Any CPU
		{16E20CA3-BF34-4D00-8623-8507F27C83EA}.Debug|Any CPU.ActiveCfg = Debug|Any CPU
		{16E20CA3-BF34-4D00-8623-8507F27C83EA}.Debug|Any CPU.Build.0 = Debug|Any CPU
		{16E20CA3-BF34-4D00-8623-8507F27C83EA}.Release|Any CPU.ActiveCfg = Release|Any CPU
		{16E20CA3-BF34-4D00-8623-8507F27C83EA}.Release|Any CPU.Build.0 = Release|Any CPU
		{314C23CE-CB14-48C5-85AF-4D0A984E782A}.Debug|Any CPU.ActiveCfg = Debug|Any CPU
		{314C23CE-CB14-48C5-85AF-4D0A984E782A}.Debug|Any CPU.Build.0 = Debug|Any CPU
		{314C23CE-CB14-48C5-85AF-4D0A984E782A}.Release|Any CPU.ActiveCfg = Release|Any CPU
		{314C23CE-CB14-48C5-85AF-4D0A984E782A}.Release|Any CPU.Build.0 = Release|Any CPU
		{40A29C63-0AA1-4DB6-B8BA-7CF121798E50}.Debug|Any CPU.ActiveCfg = Debug|Any CPU
		{40A29C63-0AA1-4DB6-B8BA-7CF121798E50}.Debug|Any CPU.Build.0 = Debug|Any CPU
		{40A29C63-0AA1-4DB6-B8BA-7CF121798E50}.Release|Any CPU.ActiveCfg = Release|Any CPU
		{40A29C63-0AA1-4DB6-B8BA-7CF121798E50}.Release|Any CPU.Build.0 = Release|Any CPU
		{FEE4B587-774A-4B75-9003-2C0BBB312F98}.Debug|Any CPU.ActiveCfg = Debug|Any CPU
		{FEE4B587-774A-4B75-9003-2C0BBB312F98}.Debug|Any CPU.Build.0 = Debug|Any CPU
		{FEE4B587-774A-4B75-9003-2C0BBB312F98}.Release|Any CPU.ActiveCfg = Release|Any CPU
		{FEE4B587-774A-4B75-9003-2C0BBB312F98}.Release|Any CPU.Build.0 = Release|Any CPU
		{FBF95FA0-0850-47D8-AD2B-BDA0E2E1EAE8}.Debug|Any CPU.ActiveCfg = Debug|Any CPU
		{FBF95FA0-0850-47D8-AD2B-BDA0E2E1EAE8}.Debug|Any CPU.Build.0 = Debug|Any CPU
		{FBF95FA0-0850-47D8-AD2B-BDA0E2E1EAE8}.Release|Any CPU.ActiveCfg = Release|Any CPU
		{FBF95FA0-0850-47D8-AD2B-BDA0E2E1EAE8}.Release|Any CPU.Build.0 = Release|Any CPU
		{2182E40F-693A-4319-A2B2-95D94BDD7114}.Debug|Any CPU.ActiveCfg = Debug|Any CPU
		{2182E40F-693A-4319-A2B2-95D94BDD7114}.Debug|Any CPU.Build.0 = Debug|Any CPU
		{2182E40F-693A-4319-A2B2-95D94BDD7114}.Release|Any CPU.ActiveCfg = Release|Any CPU
		{2182E40F-693A-4319-A2B2-95D94BDD7114}.Release|Any CPU.Build.0 = Release|Any CPU
		{A0045A37-D86E-4E6A-9398-195253F3B9BB}.Debug|Any CPU.ActiveCfg = Debug|Any CPU
		{A0045A37-D86E-4E6A-9398-195253F3B9BB}.Debug|Any CPU.Build.0 = Debug|Any CPU
		{A0045A37-D86E-4E6A-9398-195253F3B9BB}.Release|Any CPU.ActiveCfg = Release|Any CPU
		{A0045A37-D86E-4E6A-9398-195253F3B9BB}.Release|Any CPU.Build.0 = Release|Any CPU
		{45F09FC7-0243-4422-8F56-DBB54ECB12C5}.Debug|Any CPU.ActiveCfg = Debug|Any CPU
		{45F09FC7-0243-4422-8F56-DBB54ECB12C5}.Debug|Any CPU.Build.0 = Debug|Any CPU
		{45F09FC7-0243-4422-8F56-DBB54ECB12C5}.Release|Any CPU.ActiveCfg = Release|Any CPU
		{45F09FC7-0243-4422-8F56-DBB54ECB12C5}.Release|Any CPU.Build.0 = Release|Any CPU
		{B45DED3A-2C65-4558-8F0F-BF069231926F}.Debug|Any CPU.ActiveCfg = Debug|Any CPU
		{B45DED3A-2C65-4558-8F0F-BF069231926F}.Debug|Any CPU.Build.0 = Debug|Any CPU
		{B45DED3A-2C65-4558-8F0F-BF069231926F}.Release|Any CPU.ActiveCfg = Release|Any CPU
		{B45DED3A-2C65-4558-8F0F-BF069231926F}.Release|Any CPU.Build.0 = Release|Any CPU
	EndGlobalSection
	GlobalSection(SolutionProperties) = preSolution
		HideSolutionNode = FALSE
	EndGlobalSection
	GlobalSection(NestedProjects) = preSolution
		{32A9FE69-CDA4-452E-8F27-2AFDE7430083} = {8F36889D-B905-4FF0-9C67-D0FB09BF8866}
		{B0D06363-7528-4F23-AA82-8164893B63A0} = {6EDB960C-6FC1-4E45-9280-1ED896A6B386}
		{5CF85CEF-2B88-4378-BB51-56B11F386E90} = {6EDB960C-6FC1-4E45-9280-1ED896A6B386}
		{8FC717A6-896E-416D-BF0D-65BCF28A582F} = {6EDB960C-6FC1-4E45-9280-1ED896A6B386}
		{16E20CA3-BF34-4D00-8623-8507F27C83EA} = {BD1CD52B-C63C-4CF8-A9B6-CF2691280DDD}
		{314C23CE-CB14-48C5-85AF-4D0A984E782A} = {BD1CD52B-C63C-4CF8-A9B6-CF2691280DDD}
		{40A29C63-0AA1-4DB6-B8BA-7CF121798E50} = {8F36889D-B905-4FF0-9C67-D0FB09BF8866}
		{FEE4B587-774A-4B75-9003-2C0BBB312F98} = {9A6AB81B-61BE-456F-B459-191481909D6F}
		{FBF95FA0-0850-47D8-AD2B-BDA0E2E1EAE8} = {9A6AB81B-61BE-456F-B459-191481909D6F}
		{2182E40F-693A-4319-A2B2-95D94BDD7114} = {6EDB960C-6FC1-4E45-9280-1ED896A6B386}
		{A0045A37-D86E-4E6A-9398-195253F3B9BB} = {9A6AB81B-61BE-456F-B459-191481909D6F}
		{B45DED3A-2C65-4558-8F0F-BF069231926F} = {8F36889D-B905-4FF0-9C67-D0FB09BF8866}
	EndGlobalSection
	GlobalSection(ExtensibilityGlobals) = postSolution
		SolutionGuid = {E9243EE0-7026-4261-8D52-EE7503A04BBD}
	EndGlobalSection
EndGlobal
