
Microsoft Visual Studio Solution File, Format Version 12.00
# Visual Studio 15
VisualStudioVersion = 15.0.28307.421
MinimumVisualStudioVersion = 10.0.40219.1
Project("{2150E333-8FDC-42A3-9474-1A3956D46DE8}") = "API", "API", "{2FA6B5CA-6894-45F1-829D-0FCF89EF00F5}"
EndProject
Project("{9A19103F-16F7-4668-BE54-9A1E7A4F7556}") = "WebAPI", "WebAPI\WebAPI.csproj", "{4A635DC3-17C4-41D7-892F-4D0DB32DD271}"
EndProject
Project("{2150E333-8FDC-42A3-9474-1A3956D46DE8}") = "Core", "Core", "{7B61B1D5-7BA7-4156-9C35-6691F7CD4562}"
EndProject
Project("{9A19103F-16F7-4668-BE54-9A1E7A4F7556}") = "Attributes", "Attributes\Attributes.csproj", "{155AED9B-6377-40B0-B422-C7D2D0D40C6A}"
EndProject
Project("{9A19103F-16F7-4668-BE54-9A1E7A4F7556}") = "Extensions", "Extensions\Extensions.csproj", "{C95CB878-A2C3-4D55-9CAC-0B059CA417B3}"
EndProject
Project("{2150E333-8FDC-42A3-9474-1A3956D46DE8}") = "DataAccessLayer", "DataAccessLayer", "{CAE1CEB1-9EC6-447C-9A12-90AD19B1B517}"
EndProject
Project("{9A19103F-16F7-4668-BE54-9A1E7A4F7556}") = "DataEntities", "DataEntities\DataEntities.csproj", "{EB26CB0C-7918-4F45-9F8D-9D7BB6F34E58}"
EndProject
Project("{2150E333-8FDC-42A3-9474-1A3956D46DE8}") = "Shared", "Shared", "{F9874233-39D4-4BD2-A0E5-957E1FDAEE6E}"
EndProject
Project("{9A19103F-16F7-4668-BE54-9A1E7A4F7556}") = "SharedObjects", "SharedObjects\SharedObjects.csproj", "{E31529CC-EAC8-464A-ACC5-3D3FFA9949C5}"
EndProject
Project("{9A19103F-16F7-4668-BE54-9A1E7A4F7556}") = "DomainEntities", "DomainEntities\DomainEntities.csproj", "{33E7A93C-6ED5-430B-8A10-692ED7B7E85C}"
EndProject
Project("{FAE04EC0-301F-11D3-BF4B-00C04F79EFBC}") = "Database", "Database\Database.csproj", "{79DDDE4C-94A6-4CAB-B34E-FEDD3D9609FA}"
EndProject
Project("{2150E333-8FDC-42A3-9474-1A3956D46DE8}") = "InternalLogic", "InternalLogic", "{26328B83-19A5-4D4B-B5D3-DCD004677180}"
EndProject
Project("{FAE04EC0-301F-11D3-BF4B-00C04F79EFBC}") = "FacadeLayer", "FacadeLayer\FacadeLayer.csproj", "{E86F1DD5-3E7D-4B9B-BED4-D4B60ADDABFE}"
EndProject
Project("{FAE04EC0-301F-11D3-BF4B-00C04F79EFBC}") = "InternalLogicIntefaces", "InternalLogicIntefaces\InternalLogicIntefaces.csproj", "{D81791D6-D338-4D36-A63B-5FB46561E899}"
EndProject
Project("{FAE04EC0-301F-11D3-BF4B-00C04F79EFBC}") = "InternalLogicServices", "InternalLogicServices\InternalLogicServices.csproj", "{756A1EEB-3B96-4712-87DB-526E738DB5BB}"
EndProject
Project("{2150E333-8FDC-42A3-9474-1A3956D46DE8}") = "ControlCenter", "ControlCenter", "{F12504D3-7890-43FE-AD32-A0E2909FF3DB}"
EndProject
Project("{FAE04EC0-301F-11D3-BF4B-00C04F79EFBC}") = "BussinessLogicInterfaces", "BussinessLogicInterfaces\BussinessLogicInterfaces.csproj", "{C37E8693-81FA-432A-A6C1-BC21532F7DA7}"
EndProject
Project("{FAE04EC0-301F-11D3-BF4B-00C04F79EFBC}") = "BussinessLogicServices", "BussinessLogicServices\BussinessLogicServices.csproj", "{58BF8F8C-3D96-4090-92BB-D988B6C8C791}"
EndProject
Project("{2150E333-8FDC-42A3-9474-1A3956D46DE8}") = "Common", "Common", "{9651B27E-DB13-4DA1-B68D-D97417952703}"
EndProject
Project("{FAE04EC0-301F-11D3-BF4B-00C04F79EFBC}") = "CommonObjects", "CommonObjects\CommonObjects.csproj", "{9428159E-3277-48E2-98B7-E106F96802C7}"
EndProject
Project("{FAE04EC0-301F-11D3-BF4B-00C04F79EFBC}") = "Utilities", "Utilities\Utilities.csproj", "{9D78838D-0D6D-42C3-887E-893997515465}"
EndProject
Global
	GlobalSection(SolutionConfigurationPlatforms) = preSolution
		Debug|Any CPU = Debug|Any CPU
		Release|Any CPU = Release|Any CPU
	EndGlobalSection
	GlobalSection(ProjectConfigurationPlatforms) = postSolution
		{4A635DC3-17C4-41D7-892F-4D0DB32DD271}.Debug|Any CPU.ActiveCfg = Debug|Any CPU
		{4A635DC3-17C4-41D7-892F-4D0DB32DD271}.Debug|Any CPU.Build.0 = Debug|Any CPU
		{4A635DC3-17C4-41D7-892F-4D0DB32DD271}.Release|Any CPU.ActiveCfg = Release|Any CPU
		{4A635DC3-17C4-41D7-892F-4D0DB32DD271}.Release|Any CPU.Build.0 = Release|Any CPU
		{155AED9B-6377-40B0-B422-C7D2D0D40C6A}.Debug|Any CPU.ActiveCfg = Debug|Any CPU
		{155AED9B-6377-40B0-B422-C7D2D0D40C6A}.Debug|Any CPU.Build.0 = Debug|Any CPU
		{155AED9B-6377-40B0-B422-C7D2D0D40C6A}.Release|Any CPU.ActiveCfg = Release|Any CPU
		{155AED9B-6377-40B0-B422-C7D2D0D40C6A}.Release|Any CPU.Build.0 = Release|Any CPU
		{C95CB878-A2C3-4D55-9CAC-0B059CA417B3}.Debug|Any CPU.ActiveCfg = Debug|Any CPU
		{C95CB878-A2C3-4D55-9CAC-0B059CA417B3}.Debug|Any CPU.Build.0 = Debug|Any CPU
		{C95CB878-A2C3-4D55-9CAC-0B059CA417B3}.Release|Any CPU.ActiveCfg = Release|Any CPU
		{C95CB878-A2C3-4D55-9CAC-0B059CA417B3}.Release|Any CPU.Build.0 = Release|Any CPU
		{EB26CB0C-7918-4F45-9F8D-9D7BB6F34E58}.Debug|Any CPU.ActiveCfg = Debug|Any CPU
		{EB26CB0C-7918-4F45-9F8D-9D7BB6F34E58}.Debug|Any CPU.Build.0 = Debug|Any CPU
		{EB26CB0C-7918-4F45-9F8D-9D7BB6F34E58}.Release|Any CPU.ActiveCfg = Release|Any CPU
		{EB26CB0C-7918-4F45-9F8D-9D7BB6F34E58}.Release|Any CPU.Build.0 = Release|Any CPU
		{E31529CC-EAC8-464A-ACC5-3D3FFA9949C5}.Debug|Any CPU.ActiveCfg = Debug|Any CPU
		{E31529CC-EAC8-464A-ACC5-3D3FFA9949C5}.Debug|Any CPU.Build.0 = Debug|Any CPU
		{E31529CC-EAC8-464A-ACC5-3D3FFA9949C5}.Release|Any CPU.ActiveCfg = Release|Any CPU
		{E31529CC-EAC8-464A-ACC5-3D3FFA9949C5}.Release|Any CPU.Build.0 = Release|Any CPU
		{33E7A93C-6ED5-430B-8A10-692ED7B7E85C}.Debug|Any CPU.ActiveCfg = Debug|Any CPU
		{33E7A93C-6ED5-430B-8A10-692ED7B7E85C}.Debug|Any CPU.Build.0 = Debug|Any CPU
		{33E7A93C-6ED5-430B-8A10-692ED7B7E85C}.Release|Any CPU.ActiveCfg = Release|Any CPU
		{33E7A93C-6ED5-430B-8A10-692ED7B7E85C}.Release|Any CPU.Build.0 = Release|Any CPU
		{79DDDE4C-94A6-4CAB-B34E-FEDD3D9609FA}.Debug|Any CPU.ActiveCfg = Debug|Any CPU
		{79DDDE4C-94A6-4CAB-B34E-FEDD3D9609FA}.Debug|Any CPU.Build.0 = Debug|Any CPU
		{79DDDE4C-94A6-4CAB-B34E-FEDD3D9609FA}.Release|Any CPU.ActiveCfg = Release|Any CPU
		{79DDDE4C-94A6-4CAB-B34E-FEDD3D9609FA}.Release|Any CPU.Build.0 = Release|Any CPU
		{E86F1DD5-3E7D-4B9B-BED4-D4B60ADDABFE}.Debug|Any CPU.ActiveCfg = Debug|Any CPU
		{E86F1DD5-3E7D-4B9B-BED4-D4B60ADDABFE}.Debug|Any CPU.Build.0 = Debug|Any CPU
		{E86F1DD5-3E7D-4B9B-BED4-D4B60ADDABFE}.Release|Any CPU.ActiveCfg = Release|Any CPU
		{E86F1DD5-3E7D-4B9B-BED4-D4B60ADDABFE}.Release|Any CPU.Build.0 = Release|Any CPU
		{D81791D6-D338-4D36-A63B-5FB46561E899}.Debug|Any CPU.ActiveCfg = Debug|Any CPU
		{D81791D6-D338-4D36-A63B-5FB46561E899}.Debug|Any CPU.Build.0 = Debug|Any CPU
		{D81791D6-D338-4D36-A63B-5FB46561E899}.Release|Any CPU.ActiveCfg = Release|Any CPU
		{D81791D6-D338-4D36-A63B-5FB46561E899}.Release|Any CPU.Build.0 = Release|Any CPU
		{756A1EEB-3B96-4712-87DB-526E738DB5BB}.Debug|Any CPU.ActiveCfg = Debug|Any CPU
		{756A1EEB-3B96-4712-87DB-526E738DB5BB}.Debug|Any CPU.Build.0 = Debug|Any CPU
		{756A1EEB-3B96-4712-87DB-526E738DB5BB}.Release|Any CPU.ActiveCfg = Release|Any CPU
		{756A1EEB-3B96-4712-87DB-526E738DB5BB}.Release|Any CPU.Build.0 = Release|Any CPU
		{C37E8693-81FA-432A-A6C1-BC21532F7DA7}.Debug|Any CPU.ActiveCfg = Debug|Any CPU
		{C37E8693-81FA-432A-A6C1-BC21532F7DA7}.Debug|Any CPU.Build.0 = Debug|Any CPU
		{C37E8693-81FA-432A-A6C1-BC21532F7DA7}.Release|Any CPU.ActiveCfg = Release|Any CPU
		{C37E8693-81FA-432A-A6C1-BC21532F7DA7}.Release|Any CPU.Build.0 = Release|Any CPU
		{58BF8F8C-3D96-4090-92BB-D988B6C8C791}.Debug|Any CPU.ActiveCfg = Debug|Any CPU
		{58BF8F8C-3D96-4090-92BB-D988B6C8C791}.Debug|Any CPU.Build.0 = Debug|Any CPU
		{58BF8F8C-3D96-4090-92BB-D988B6C8C791}.Release|Any CPU.ActiveCfg = Release|Any CPU
		{58BF8F8C-3D96-4090-92BB-D988B6C8C791}.Release|Any CPU.Build.0 = Release|Any CPU
		{9428159E-3277-48E2-98B7-E106F96802C7}.Debug|Any CPU.ActiveCfg = Debug|Any CPU
		{9428159E-3277-48E2-98B7-E106F96802C7}.Debug|Any CPU.Build.0 = Debug|Any CPU
		{9428159E-3277-48E2-98B7-E106F96802C7}.Release|Any CPU.ActiveCfg = Release|Any CPU
		{9428159E-3277-48E2-98B7-E106F96802C7}.Release|Any CPU.Build.0 = Release|Any CPU
		{9D78838D-0D6D-42C3-887E-893997515465}.Debug|Any CPU.ActiveCfg = Debug|Any CPU
		{9D78838D-0D6D-42C3-887E-893997515465}.Debug|Any CPU.Build.0 = Debug|Any CPU
		{9D78838D-0D6D-42C3-887E-893997515465}.Release|Any CPU.ActiveCfg = Release|Any CPU
		{9D78838D-0D6D-42C3-887E-893997515465}.Release|Any CPU.Build.0 = Release|Any CPU
	EndGlobalSection
	GlobalSection(SolutionProperties) = preSolution
		HideSolutionNode = FALSE
	EndGlobalSection
	GlobalSection(NestedProjects) = preSolution
		{4A635DC3-17C4-41D7-892F-4D0DB32DD271} = {2FA6B5CA-6894-45F1-829D-0FCF89EF00F5}
		{7B61B1D5-7BA7-4156-9C35-6691F7CD4562} = {2FA6B5CA-6894-45F1-829D-0FCF89EF00F5}
		{155AED9B-6377-40B0-B422-C7D2D0D40C6A} = {7B61B1D5-7BA7-4156-9C35-6691F7CD4562}
		{C95CB878-A2C3-4D55-9CAC-0B059CA417B3} = {7B61B1D5-7BA7-4156-9C35-6691F7CD4562}
		{EB26CB0C-7918-4F45-9F8D-9D7BB6F34E58} = {CAE1CEB1-9EC6-447C-9A12-90AD19B1B517}
		{E31529CC-EAC8-464A-ACC5-3D3FFA9949C5} = {F9874233-39D4-4BD2-A0E5-957E1FDAEE6E}
		{33E7A93C-6ED5-430B-8A10-692ED7B7E85C} = {2FA6B5CA-6894-45F1-829D-0FCF89EF00F5}
		{79DDDE4C-94A6-4CAB-B34E-FEDD3D9609FA} = {CAE1CEB1-9EC6-447C-9A12-90AD19B1B517}
		{E86F1DD5-3E7D-4B9B-BED4-D4B60ADDABFE} = {26328B83-19A5-4D4B-B5D3-DCD004677180}
		{D81791D6-D338-4D36-A63B-5FB46561E899} = {26328B83-19A5-4D4B-B5D3-DCD004677180}
		{756A1EEB-3B96-4712-87DB-526E738DB5BB} = {26328B83-19A5-4D4B-B5D3-DCD004677180}
		{C37E8693-81FA-432A-A6C1-BC21532F7DA7} = {F12504D3-7890-43FE-AD32-A0E2909FF3DB}
		{58BF8F8C-3D96-4090-92BB-D988B6C8C791} = {F12504D3-7890-43FE-AD32-A0E2909FF3DB}
		{9428159E-3277-48E2-98B7-E106F96802C7} = {9651B27E-DB13-4DA1-B68D-D97417952703}
		{9D78838D-0D6D-42C3-887E-893997515465} = {9651B27E-DB13-4DA1-B68D-D97417952703}
	EndGlobalSection
	GlobalSection(ExtensibilityGlobals) = postSolution
		SolutionGuid = {CA1FD23A-EA27-4A79-BF39-D372C6934F02}
	EndGlobalSection
EndGlobal
